// !$*UTF8*$!
{
	archiveVersion = 1;
	classes = {
	};
	objectVersion = 56;
	objects = {

/* Begin PBXBuildFile section */
		30E29F901CDB9ED0A24BEA37 /* Pods_URLSession_UsingAPI.framework in Frameworks */ = {isa = PBXBuildFile; fileRef = 491D415B9AB05C14507850A0 /* Pods_URLSession_UsingAPI.framework */; };
		801A7B8329935E3B00F23D44 /* TableViewCell.swift in Sources */ = {isa = PBXBuildFile; fileRef = 801A7B8229935E3B00F23D44 /* TableViewCell.swift */; };
		801AA9B52992650500177D21 /* AppDelegate.swift in Sources */ = {isa = PBXBuildFile; fileRef = 801AA9B42992650500177D21 /* AppDelegate.swift */; };
		801AA9B72992650500177D21 /* SceneDelegate.swift in Sources */ = {isa = PBXBuildFile; fileRef = 801AA9B62992650500177D21 /* SceneDelegate.swift */; };
		801AA9B92992650500177D21 /* HomeScreenViewController.swift in Sources */ = {isa = PBXBuildFile; fileRef = 801AA9B82992650500177D21 /* HomeScreenViewController.swift */; };
		801AA9BE2992650600177D21 /* Assets.xcassets in Resources */ = {isa = PBXBuildFile; fileRef = 801AA9BD2992650600177D21 /* Assets.xcassets */; };
		801AA9C12992650600177D21 /* LaunchScreen.storyboard in Resources */ = {isa = PBXBuildFile; fileRef = 801AA9BF2992650600177D21 /* LaunchScreen.storyboard */; };
		80A449492992662A00AB3BD4 /* Model.swift in Sources */ = {isa = PBXBuildFile; fileRef = 80A449482992662A00AB3BD4 /* Model.swift */; };
		80A4494B2992663F00AB3BD4 /* Networking.swift in Sources */ = {isa = PBXBuildFile; fileRef = 80A4494A2992663F00AB3BD4 /* Networking.swift */; };
		80A4494D2992665500AB3BD4 /* AlamofireViewController.swift in Sources */ = {isa = PBXBuildFile; fileRef = 80A4494C2992665500AB3BD4 /* AlamofireViewController.swift */; };
		80A4494F2992669400AB3BD4 /* URLSessionViewController.swift in Sources */ = {isa = PBXBuildFile; fileRef = 80A4494E2992669400AB3BD4 /* URLSessionViewController.swift */; };
		80A449522992707800AB3BD4 /* Preview.swift in Sources */ = {isa = PBXBuildFile; fileRef = 80A449512992707800AB3BD4 /* Preview.swift */; };
		80A449542992800C00AB3BD4 /* Main.storyboard in Resources */ = {isa = PBXBuildFile; fileRef = 80A449532992800C00AB3BD4 /* Main.storyboard */; };
/* End PBXBuildFile section */

/* Begin PBXFileReference section */
		0C7A6A23C2E330E53C811DC3 /* Pods-URLSession_UsingAPI.debug.xcconfig */ = {isa = PBXFileReference; includeInIndex = 1; lastKnownFileType = text.xcconfig; name = "Pods-URLSession_UsingAPI.debug.xcconfig"; path = "Target Support Files/Pods-URLSession_UsingAPI/Pods-URLSession_UsingAPI.debug.xcconfig"; sourceTree = "<group>"; };
		491D415B9AB05C14507850A0 /* Pods_URLSession_UsingAPI.framework */ = {isa = PBXFileReference; explicitFileType = wrapper.framework; includeInIndex = 0; path = Pods_URLSession_UsingAPI.framework; sourceTree = BUILT_PRODUCTS_DIR; };
		801A7B8229935E3B00F23D44 /* TableViewCell.swift */ = {isa = PBXFileReference; lastKnownFileType = sourcecode.swift; path = TableViewCell.swift; sourceTree = "<group>"; };
		801AA9B12992650500177D21 /* URLSession_UsingAPI.app */ = {isa = PBXFileReference; explicitFileType = wrapper.application; includeInIndex = 0; path = URLSession_UsingAPI.app; sourceTree = BUILT_PRODUCTS_DIR; };
		801AA9B42992650500177D21 /* AppDelegate.swift */ = {isa = PBXFileReference; lastKnownFileType = sourcecode.swift; path = AppDelegate.swift; sourceTree = "<group>"; };
		801AA9B62992650500177D21 /* SceneDelegate.swift */ = {isa = PBXFileReference; lastKnownFileType = sourcecode.swift; path = SceneDelegate.swift; sourceTree = "<group>"; };
		801AA9B82992650500177D21 /* HomeScreenViewController.swift */ = {isa = PBXFileReference; lastKnownFileType = sourcecode.swift; path = HomeScreenViewController.swift; sourceTree = "<group>"; };
		801AA9BD2992650600177D21 /* Assets.xcassets */ = {isa = PBXFileReference; lastKnownFileType = folder.assetcatalog; path = Assets.xcassets; sourceTree = "<group>"; };
		801AA9C02992650600177D21 /* Base */ = {isa = PBXFileReference; lastKnownFileType = file.storyboard; name = Base; path = Base.lproj/LaunchScreen.storyboard; sourceTree = "<group>"; };
		801AA9C22992650600177D21 /* Info.plist */ = {isa = PBXFileReference; lastKnownFileType = text.plist.xml; path = Info.plist; sourceTree = "<group>"; };
		80A449482992662A00AB3BD4 /* Model.swift */ = {isa = PBXFileReference; lastKnownFileType = sourcecode.swift; path = Model.swift; sourceTree = "<group>"; };
		80A4494A2992663F00AB3BD4 /* Networking.swift */ = {isa = PBXFileReference; lastKnownFileType = sourcecode.swift; path = Networking.swift; sourceTree = "<group>"; };
		80A4494C2992665500AB3BD4 /* AlamofireViewController.swift */ = {isa = PBXFileReference; lastKnownFileType = sourcecode.swift; path = AlamofireViewController.swift; sourceTree = "<group>"; };
		80A4494E2992669400AB3BD4 /* URLSessionViewController.swift */ = {isa = PBXFileReference; lastKnownFileType = sourcecode.swift; path = URLSessionViewController.swift; sourceTree = "<group>"; };
		80A449512992707800AB3BD4 /* Preview.swift */ = {isa = PBXFileReference; lastKnownFileType = sourcecode.swift; path = Preview.swift; sourceTree = "<group>"; };
		80A449532992800C00AB3BD4 /* Main.storyboard */ = {isa = PBXFileReference; lastKnownFileType = file.storyboard; path = Main.storyboard; sourceTree = "<group>"; };
		A83B77AD03FE9A621CC741E7 /* Pods-URLSession_UsingAPI.release.xcconfig */ = {isa = PBXFileReference; includeInIndex = 1; lastKnownFileType = text.xcconfig; name = "Pods-URLSession_UsingAPI.release.xcconfig"; path = "Target Support Files/Pods-URLSession_UsingAPI/Pods-URLSession_UsingAPI.release.xcconfig"; sourceTree = "<group>"; };
/* End PBXFileReference section */

/* Begin PBXFrameworksBuildPhase section */
		801AA9AE2992650500177D21 /* Frameworks */ = {
			isa = PBXFrameworksBuildPhase;
			buildActionMask = 2147483647;
			files = (
				30E29F901CDB9ED0A24BEA37 /* Pods_URLSession_UsingAPI.framework in Frameworks */,
			);
			runOnlyForDeploymentPostprocessing = 0;
		};
/* End PBXFrameworksBuildPhase section */

/* Begin PBXGroup section */
		70A15FA8BB0BE3B5E05594DB /* Frameworks */ = {
			isa = PBXGroup;
			children = (
				491D415B9AB05C14507850A0 /* Pods_URLSession_UsingAPI.framework */,
			);
			name = Frameworks;
			sourceTree = "<group>";
		};
		801AA9A82992650500177D21 = {
			isa = PBXGroup;
			children = (
				801AA9B32992650500177D21 /* URLSession_UsingAPI */,
				801AA9B22992650500177D21 /* Products */,
				9FFB58FF08BD0283D1215BAE /* Pods */,
				70A15FA8BB0BE3B5E05594DB /* Frameworks */,
			);
			sourceTree = "<group>";
		};
		801AA9B22992650500177D21 /* Products */ = {
			isa = PBXGroup;
			children = (
				801AA9B12992650500177D21 /* URLSession_UsingAPI.app */,
			);
			name = Products;
			sourceTree = "<group>";
		};
		801AA9B32992650500177D21 /* URLSession_UsingAPI */ = {
			isa = PBXGroup;
			children = (
				80A449532992800C00AB3BD4 /* Main.storyboard */,
				801AA9BF2992650600177D21 /* LaunchScreen.storyboard */,
				801AA9B42992650500177D21 /* AppDelegate.swift */,
				801AA9B62992650500177D21 /* SceneDelegate.swift */,
				80A44950299266AE00AB3BD4 /* ViewControllers */,
				80A449482992662A00AB3BD4 /* Model.swift */,
				80A4494A2992663F00AB3BD4 /* Networking.swift */,
				80A449512992707800AB3BD4 /* Preview.swift */,
				801AA9BD2992650600177D21 /* Assets.xcassets */,
				801AA9C22992650600177D21 /* Info.plist */,
			);
			path = URLSession_UsingAPI;
			sourceTree = "<group>";
		};
		80A44950299266AE00AB3BD4 /* ViewControllers */ = {
			isa = PBXGroup;
			children = (
				801AA9B82992650500177D21 /* HomeScreenViewController.swift */,
				80A4494C2992665500AB3BD4 /* AlamofireViewController.swift */,
				80A4494E2992669400AB3BD4 /* URLSessionViewController.swift */,
				801A7B8229935E3B00F23D44 /* TableViewCell.swift */,
			);
			path = ViewControllers;
			sourceTree = "<group>";
		};
		9FFB58FF08BD0283D1215BAE /* Pods */ = {
			isa = PBXGroup;
			children = (
				0C7A6A23C2E330E53C811DC3 /* Pods-URLSession_UsingAPI.debug.xcconfig */,
				A83B77AD03FE9A621CC741E7 /* Pods-URLSession_UsingAPI.release.xcconfig */,
			);
			path = Pods;
			sourceTree = "<group>";
		};
/* End PBXGroup section */

/* Begin PBXNativeTarget section */
		801AA9B02992650500177D21 /* URLSession_UsingAPI */ = {
			isa = PBXNativeTarget;
			buildConfigurationList = 801AA9C52992650600177D21 /* Build configuration list for PBXNativeTarget "URLSession_UsingAPI" */;
			buildPhases = (
				7B48962EE79C8EA731236C57 /* [CP] Check Pods Manifest.lock */,
				801AA9AD2992650500177D21 /* Sources */,
				801AA9AE2992650500177D21 /* Frameworks */,
				801AA9AF2992650500177D21 /* Resources */,
				ED11BEF2D987B0DA4EC2BF4A /* [CP] Embed Pods Frameworks */,
			);
			buildRules = (
			);
			dependencies = (
			);
			name = URLSession_UsingAPI;
			productName = URLSession_UsingAPI;
			productReference = 801AA9B12992650500177D21 /* URLSession_UsingAPI.app */;
			productType = "com.apple.product-type.application";
		};
/* End PBXNativeTarget section */

/* Begin PBXProject section */
		801AA9A92992650500177D21 /* Project object */ = {
			isa = PBXProject;
			attributes = {
				BuildIndependentTargetsInParallel = 1;
				LastSwiftUpdateCheck = 1420;
				LastUpgradeCheck = 1420;
				TargetAttributes = {
					801AA9B02992650500177D21 = {
						CreatedOnToolsVersion = 14.2;
					};
				};
			};
			buildConfigurationList = 801AA9AC2992650500177D21 /* Build configuration list for PBXProject "URLSession_UsingAPI" */;
			compatibilityVersion = "Xcode 14.0";
			developmentRegion = en;
			hasScannedForEncodings = 0;
			knownRegions = (
				en,
				Base,
			);
			mainGroup = 801AA9A82992650500177D21;
			productRefGroup = 801AA9B22992650500177D21 /* Products */;
			projectDirPath = "";
			projectRoot = "";
			targets = (
				801AA9B02992650500177D21 /* URLSession_UsingAPI */,
			);
		};
/* End PBXProject section */

/* Begin PBXResourcesBuildPhase section */
		801AA9AF2992650500177D21 /* Resources */ = {
			isa = PBXResourcesBuildPhase;
			buildActionMask = 2147483647;
			files = (
				801AA9C12992650600177D21 /* LaunchScreen.storyboard in Resources */,
				80A449542992800C00AB3BD4 /* Main.storyboard in Resources */,
				801AA9BE2992650600177D21 /* Assets.xcassets in Resources */,
			);
			runOnlyForDeploymentPostprocessing = 0;
		};
/* End PBXResourcesBuildPhase section */

/* Begin PBXShellScriptBuildPhase section */
		7B48962EE79C8EA731236C57 /* [CP] Check Pods Manifest.lock */ = {
			isa = PBXShellScriptBuildPhase;
			buildActionMask = 2147483647;
			files = (
			);
			inputFileListPaths = (
			);
			inputPaths = (
				"${PODS_PODFILE_DIR_PATH}/Podfile.lock",
				"${PODS_ROOT}/Manifest.lock",
			);
			name = "[CP] Check Pods Manifest.lock";
			outputFileListPaths = (
			);
			outputPaths = (
				"$(DERIVED_FILE_DIR)/Pods-URLSession_UsingAPI-checkManifestLockResult.txt",
			);
			runOnlyForDeploymentPostprocessing = 0;
			shellPath = /bin/sh;
			shellScript = "diff \"${PODS_PODFILE_DIR_PATH}/Podfile.lock\" \"${PODS_ROOT}/Manifest.lock\" > /dev/null\nif [ $? != 0 ] ; then\n    # print error to STDERR\n    echo \"error: The sandbox is not in sync with the Podfile.lock. Run 'pod install' or update your CocoaPods installation.\" >&2\n    exit 1\nfi\n# This output is used by Xcode 'outputs' to avoid re-running this script phase.\necho \"SUCCESS\" > \"${SCRIPT_OUTPUT_FILE_0}\"\n";
			showEnvVarsInLog = 0;
		};
		ED11BEF2D987B0DA4EC2BF4A /* [CP] Embed Pods Frameworks */ = {
			isa = PBXShellScriptBuildPhase;
			buildActionMask = 2147483647;
			files = (
			);
			inputFileListPaths = (
				"${PODS_ROOT}/Target Support Files/Pods-URLSession_UsingAPI/Pods-URLSession_UsingAPI-frameworks-${CONFIGURATION}-input-files.xcfilelist",
			);
			name = "[CP] Embed Pods Frameworks";
			outputFileListPaths = (
				"${PODS_ROOT}/Target Support Files/Pods-URLSession_UsingAPI/Pods-URLSession_UsingAPI-frameworks-${CONFIGURATION}-output-files.xcfilelist",
			);
			runOnlyForDeploymentPostprocessing = 0;
			shellPath = /bin/sh;
			shellScript = "\"${PODS_ROOT}/Target Support Files/Pods-URLSession_UsingAPI/Pods-URLSession_UsingAPI-frameworks.sh\"\n";
			showEnvVarsInLog = 0;
		};
/* End PBXShellScriptBuildPhase section */

/* Begin PBXSourcesBuildPhase section */
		801AA9AD2992650500177D21 /* Sources */ = {
			isa = PBXSourcesBuildPhase;
			buildActionMask = 2147483647;
			files = (
				801A7B8329935E3B00F23D44 /* TableViewCell.swift in Sources */,
				801AA9B92992650500177D21 /* HomeScreenViewController.swift in Sources */,
				80A4494B2992663F00AB3BD4 /* Networking.swift in Sources */,
				80A449522992707800AB3BD4 /* Preview.swift in Sources */,
				80A4494D2992665500AB3BD4 /* AlamofireViewController.swift in Sources */,
				801AA9B52992650500177D21 /* AppDelegate.swift in Sources */,
				801AA9B72992650500177D21 /* SceneDelegate.swift in Sources */,
				80A4494F2992669400AB3BD4 /* URLSessionViewController.swift in Sources */,
				80A449492992662A00AB3BD4 /* Model.swift in Sources */,
			);
			runOnlyForDeploymentPostprocessing = 0;
		};
/* End PBXSourcesBuildPhase section */

/* Begin PBXVariantGroup section */
		801AA9BF2992650600177D21 /* LaunchScreen.storyboard */ = {
			isa = PBXVariantGroup;
			children = (
				801AA9C02992650600177D21 /* Base */,
			);
			name = LaunchScreen.storyboard;
			sourceTree = "<group>";
		};
/* End PBXVariantGroup section */

/* Begin XCBuildConfiguration section */
		801AA9C32992650600177D21 /* Debug */ = {
			isa = XCBuildConfiguration;
			buildSettings = {
				ALWAYS_SEARCH_USER_PATHS = NO;
				CLANG_ANALYZER_NONNULL = YES;
				CLANG_ANALYZER_NUMBER_OBJECT_CONVERSION = YES_AGGRESSIVE;
				CLANG_CXX_LANGUAGE_STANDARD = "gnu++20";
				CLANG_ENABLE_MODULES = YES;
				CLANG_ENABLE_OBJC_ARC = YES;
				CLANG_ENABLE_OBJC_WEAK = YES;
				CLANG_WARN_BLOCK_CAPTURE_AUTORELEASING = YES;
				CLANG_WARN_BOOL_CONVERSION = YES;
				CLANG_WARN_COMMA = YES;
				CLANG_WARN_CONSTANT_CONVERSION = YES;
				CLANG_WARN_DEPRECATED_OBJC_IMPLEMENTATIONS = YES;
				CLANG_WARN_DIRECT_OBJC_ISA_USAGE = YES_ERROR;
				CLANG_WARN_DOCUMENTATION_COMMENTS = YES;
				CLANG_WARN_EMPTY_BODY = YES;
				CLANG_WARN_ENUM_CONVERSION = YES;
				CLANG_WARN_INFINITE_RECURSION = YES;
				CLANG_WARN_INT_CONVERSION = YES;
				CLANG_WARN_NON_LITERAL_NULL_CONVERSION = YES;
				CLANG_WARN_OBJC_IMPLICIT_RETAIN_SELF = YES;
				CLANG_WARN_OBJC_LITERAL_CONVERSION = YES;
				CLANG_WARN_OBJC_ROOT_CLASS = YES_ERROR;
				CLANG_WARN_QUOTED_INCLUDE_IN_FRAMEWORK_HEADER = YES;
				CLANG_WARN_RANGE_LOOP_ANALYSIS = YES;
				CLANG_WARN_STRICT_PROTOTYPES = YES;
				CLANG_WARN_SUSPICIOUS_MOVE = YES;
				CLANG_WARN_UNGUARDED_AVAILABILITY = YES_AGGRESSIVE;
				CLANG_WARN_UNREACHABLE_CODE = YES;
				CLANG_WARN__DUPLICATE_METHOD_MATCH = YES;
				COPY_PHASE_STRIP = NO;
				DEBUG_INFORMATION_FORMAT = dwarf;
				ENABLE_STRICT_OBJC_MSGSEND = YES;
				ENABLE_TESTABILITY = YES;
				GCC_C_LANGUAGE_STANDARD = gnu11;
				GCC_DYNAMIC_NO_PIC = NO;
				GCC_NO_COMMON_BLOCKS = YES;
				GCC_OPTIMIZATION_LEVEL = 0;
				GCC_PREPROCESSOR_DEFINITIONS = (
					"DEBUG=1",
					"$(inherited)",
				);
				GCC_WARN_64_TO_32_BIT_CONVERSION = YES;
				GCC_WARN_ABOUT_RETURN_TYPE = YES_ERROR;
				GCC_WARN_UNDECLARED_SELECTOR = YES;
				GCC_WARN_UNINITIALIZED_AUTOS = YES_AGGRESSIVE;
				GCC_WARN_UNUSED_FUNCTION = YES;
				GCC_WARN_UNUSED_VARIABLE = YES;
				IPHONEOS_DEPLOYMENT_TARGET = 16.2;
				MTL_ENABLE_DEBUG_INFO = INCLUDE_SOURCE;
				MTL_FAST_MATH = YES;
				ONLY_ACTIVE_ARCH = YES;
				SDKROOT = iphoneos;
				SWIFT_ACTIVE_COMPILATION_CONDITIONS = DEBUG;
				SWIFT_OPTIMIZATION_LEVEL = "-Onone";
			};
			name = Debug;
		};
		801AA9C42992650600177D21 /* Release */ = {
			isa = XCBuildConfiguration;
			buildSettings = {
				ALWAYS_SEARCH_USER_PATHS = NO;
				CLANG_ANALYZER_NONNULL = YES;
				CLANG_ANALYZER_NUMBER_OBJECT_CONVERSION = YES_AGGRESSIVE;
				CLANG_CXX_LANGUAGE_STANDARD = "gnu++20";
				CLANG_ENABLE_MODULES = YES;
				CLANG_ENABLE_OBJC_ARC = YES;
				CLANG_ENABLE_OBJC_WEAK = YES;
				CLANG_WARN_BLOCK_CAPTURE_AUTORELEASING = YES;
				CLANG_WARN_BOOL_CONVERSION = YES;
				CLANG_WARN_COMMA = YES;
				CLANG_WARN_CONSTANT_CONVERSION = YES;
				CLANG_WARN_DEPRECATED_OBJC_IMPLEMENTATIONS = YES;
				CLANG_WARN_DIRECT_OBJC_ISA_USAGE = YES_ERROR;
				CLANG_WARN_DOCUMENTATION_COMMENTS = YES;
				CLANG_WARN_EMPTY_BODY = YES;
				CLANG_WARN_ENUM_CONVERSION = YES;
				CLANG_WARN_INFINITE_RECURSION = YES;
				CLANG_WARN_INT_CONVERSION = YES;
				CLANG_WARN_NON_LITERAL_NULL_CONVERSION = YES;
				CLANG_WARN_OBJC_IMPLICIT_RETAIN_SELF = YES;
				CLANG_WARN_OBJC_LITERAL_CONVERSION = YES;
				CLANG_WARN_OBJC_ROOT_CLASS = YES_ERROR;
				CLANG_WARN_QUOTED_INCLUDE_IN_FRAMEWORK_HEADER = YES;
				CLANG_WARN_RANGE_LOOP_ANALYSIS = YES;
				CLANG_WARN_STRICT_PROTOTYPES = YES;
				CLANG_WARN_SUSPICIOUS_MOVE = YES;
				CLANG_WARN_UNGUARDED_AVAILABILITY = YES_AGGRESSIVE;
				CLANG_WARN_UNREACHABLE_CODE = YES;
				CLANG_WARN__DUPLICATE_METHOD_MATCH = YES;
				COPY_PHASE_STRIP = NO;
				DEBUG_INFORMATION_FORMAT = "dwarf-with-dsym";
				ENABLE_NS_ASSERTIONS = NO;
				ENABLE_STRICT_OBJC_MSGSEND = YES;
				GCC_C_LANGUAGE_STANDARD = gnu11;
				GCC_NO_COMMON_BLOCKS = YES;
				GCC_WARN_64_TO_32_BIT_CONVERSION = YES;
				GCC_WARN_ABOUT_RETURN_TYPE = YES_ERROR;
				GCC_WARN_UNDECLARED_SELECTOR = YES;
				GCC_WARN_UNINITIALIZED_AUTOS = YES_AGGRESSIVE;
				GCC_WARN_UNUSED_FUNCTION = YES;
				GCC_WARN_UNUSED_VARIABLE = YES;
				IPHONEOS_DEPLOYMENT_TARGET = 16.2;
				MTL_ENABLE_DEBUG_INFO = NO;
				MTL_FAST_MATH = YES;
				SDKROOT = iphoneos;
				SWIFT_COMPILATION_MODE = wholemodule;
				SWIFT_OPTIMIZATION_LEVEL = "-O";
				VALIDATE_PRODUCT = YES;
			};
			name = Release;
		};
		801AA9C62992650600177D21 /* Debug */ = {
			isa = XCBuildConfiguration;
			baseConfigurationReference = 0C7A6A23C2E330E53C811DC3 /* Pods-URLSession_UsingAPI.debug.xcconfig */;
			buildSettings = {
				ASSETCATALOG_COMPILER_APPICON_NAME = AppIcon;
				ASSETCATALOG_COMPILER_GLOBAL_ACCENT_COLOR_NAME = AccentColor;
				CODE_SIGN_STYLE = Automatic;
				CURRENT_PROJECT_VERSION = 1;
				DEVELOPMENT_TEAM = 8A6XY8WY2J;
				GENERATE_INFOPLIST_FILE = YES;
				INFOPLIST_FILE = URLSession_UsingAPI/Info.plist;
				INFOPLIST_KEY_UIApplicationSupportsIndirectInputEvents = YES;
				INFOPLIST_KEY_UILaunchStoryboardName = LaunchScreen;
				INFOPLIST_KEY_UIMainStoryboardFile = Main;
				INFOPLIST_KEY_UISupportedInterfaceOrientations_iPad = "UIInterfaceOrientationPortrait UIInterfaceOrientationPortraitUpsideDown UIInterfaceOrientationLandscapeLeft UIInterfaceOrientationLandscapeRight";
				INFOPLIST_KEY_UISupportedInterfaceOrientations_iPhone = "UIInterfaceOrientationPortrait UIInterfaceOrientationLandscapeLeft UIInterfaceOrientationLandscapeRight";
				LD_RUNPATH_SEARCH_PATHS = (
					"$(inherited)",
					"@executable_path/Frameworks",
				);
				MARKETING_VERSION = 1.0;
				PRODUCT_BUNDLE_IDENTIFIER = "mingu.URLSession-UsingAPI";
				PRODUCT_NAME = "$(TARGET_NAME)";
				SWIFT_EMIT_LOC_STRINGS = YES;
				SWIFT_VERSION = 5.0;
				TARGETED_DEVICE_FAMILY = "1,2";
			};
			name = Debug;
		};
		801AA9C72992650600177D21 /* Release */ = {
			isa = XCBuildConfiguration;
			baseConfigurationReference = A83B77AD03FE9A621CC741E7 /* Pods-URLSession_UsingAPI.release.xcconfig */;
			buildSettings = {
				ASSETCATALOG_COMPILER_APPICON_NAME = AppIcon;
				ASSETCATALOG_COMPILER_GLOBAL_ACCENT_COLOR_NAME = AccentColor;
				CODE_SIGN_STYLE = Automatic;
				CURRENT_PROJECT_VERSION = 1;
				DEVELOPMENT_TEAM = 8A6XY8WY2J;
				GENERATE_INFOPLIST_FILE = YES;
				INFOPLIST_FILE = URLSession_UsingAPI/Info.plist;
				INFOPLIST_KEY_UIApplicationSupportsIndirectInputEvents = YES;
				INFOPLIST_KEY_UILaunchStoryboardName = LaunchScreen;
				INFOPLIST_KEY_UIMainStoryboardFile = Main;
				INFOPLIST_KEY_UISupportedInterfaceOrientations_iPad = "UIInterfaceOrientationPortrait UIInterfaceOrientationPortraitUpsideDown UIInterfaceOrientationLandscapeLeft UIInterfaceOrientationLandscapeRight";
				INFOPLIST_KEY_UISupportedInterfaceOrientations_iPhone = "UIInterfaceOrientationPortrait UIInterfaceOrientationLandscapeLeft UIInterfaceOrientationLandscapeRight";
				LD_RUNPATH_SEARCH_PATHS = (
					"$(inherited)",
					"@executable_path/Frameworks",
				);
				MARKETING_VERSION = 1.0;
				PRODUCT_BUNDLE_IDENTIFIER = "mingu.URLSession-UsingAPI";
				PRODUCT_NAME = "$(TARGET_NAME)";
				SWIFT_EMIT_LOC_STRINGS = YES;
				SWIFT_VERSION = 5.0;
				TARGETED_DEVICE_FAMILY = "1,2";
			};
			name = Release;
		};
/* End XCBuildConfiguration section */

/* Begin XCConfigurationList section */
		801AA9AC2992650500177D21 /* Build configuration list for PBXProject "URLSession_UsingAPI" */ = {
			isa = XCConfigurationList;
			buildConfigurations = (
				801AA9C32992650600177D21 /* Debug */,
				801AA9C42992650600177D21 /* Release */,
			);
			defaultConfigurationIsVisible = 0;
			defaultConfigurationName = Release;
		};
		801AA9C52992650600177D21 /* Build configuration list for PBXNativeTarget "URLSession_UsingAPI" */ = {
			isa = XCConfigurationList;
			buildConfigurations = (
				801AA9C62992650600177D21 /* Debug */,
				801AA9C72992650600177D21 /* Release */,
			);
			defaultConfigurationIsVisible = 0;
			defaultConfigurationName = Release;
		};
/* End XCConfigurationList section */
	};
	rootObject = 801AA9A92992650500177D21 /* Project object */;
}
